{
  "object": {
    "pins": [
      {
        "package": "aws-crt-swift",
        "repositoryURL": "https://github.com/awslabs/aws-crt-swift.git",
        "state": {
          "branch": null,
          "revision": "6feec6c3787877807aa9a00fad09591b96752376",
          "version": "0.6.1"
        }
      },
      {
        "package": "smithy-swift",
        "repositoryURL": "https://github.com/awslabs/smithy-swift",
        "state": {
          "branch": null,
          "revision": "4d843d4aed2f7223e18f0832e0f5e3ac38684a8d",
          "version": "0.12.0"
        }
      },
      {
        "package": "swift-collections",
        "repositoryURL": "https://github.com/apple/swift-collections",
        "state": {
          "branch": null,
          "revision": "937e904258d22af6e447a0b72c0bc67583ef64a2",
          "version": "1.0.4"
        }
      },
      {
        "package": "swift-log",
        "repositoryURL": "https://github.com/apple/swift-log.git",
        "state": {
          "branch": null,
          "revision": "6fe203dc33195667ce1759bf0182975e4653ba1c",
          "version": "1.4.4"
        }
      },
      {
        "package": "swift-metrics",
        "repositoryURL": "https://github.com/apple/swift-metrics.git",
        "state": {
          "branch": null,
          "revision": "53be78637ecd165d1ddedc4e20de69b8f43ec3b7",
          "version": "2.3.2"
        }
      },
      {
        "package": "XMLCoder",
        "repositoryURL": "https://github.com/MaxDesiatov/XMLCoder.git",
        "state": {
          "branch": null,
          "revision": "c438dad94f6a243b411b70a4b4bac54595064808",
          "version": "0.15.0"
        }
      }
    ]
  },
  "version": 1
}
